# Fixture Lock
#
# This file is the authoritative checksum manifest for all fixture data.
# It is generated by `dagger call fixture-data` and must be committed.
#
# To regenerate: dagger call fixture-data --update-lock
# CI will fail if this file does not match the current fixture data.
#
# Format:
#   <sha256-hex>  fixtures/<path-relative-to-fixtures-root>
#
# DO NOT edit this file manually.
