# Fixture Lock
#
# This file is the authoritative checksum manifest for all fixture data.
# It is generated by `dagger call fixture-data` and must be committed.
#
# To regenerate: dagger call fixture-data --update-lock
# CI will fail if this file does not match the current fixture data.
#
# Format:
#   <sha256-hex>  fixtures/<path-relative-to-fixtures-root>
#
# DO NOT edit this file manually.

732840afa44bfffdeab4bb4045767c165422d9e5df649c2124c900960f2a3b81  fixtures/expected/notes.json
ff59833e56268691cca5f853e739a2d19cd5215485d0fbc8b6c6fac6048c3b57  fixtures/seed/seed.sql
